
Microsoft Visual Studio Solution File, Format Version 12.00
# Visual Studio 14
VisualStudioVersion = 14.0.23107.0
MinimumVisualStudioVersion = 10.0.40219.1
Project("{FAE04EC0-301F-11D3-BF4B-00C04F79EFBC}") = "GraphicsForFunctions", "GraphicsForFunctions\GraphicsForFunctions.csproj", "{02F3ECD0-B8DD-4E9A-AC28-FFF3BECBCB99}"
EndProject
Project("{FAE04EC0-301F-11D3-BF4B-00C04F79EFBC}") = "Sketches", "Sketch\Sketches.csproj", "{CF6FF195-00B9-4F29-B19A-A70A5AA046EE}"
EndProject
Project("{FAE04EC0-301F-11D3-BF4B-00C04F79EFBC}") = "PlotView", "PlotView\PlotView.csproj", "{087D235D-AF98-442C-B50A-A1EE69B9491B}"
EndProject
Global
	GlobalSection(SolutionConfigurationPlatforms) = preSolution
		Debug|Any CPU = Debug|Any CPU
		Release|Any CPU = Release|Any CPU
	EndGlobalSection
	GlobalSection(ProjectConfigurationPlatforms) = postSolution
		{02F3ECD0-B8DD-4E9A-AC28-FFF3BECBCB99}.Debug|Any CPU.ActiveCfg = Debug|Any CPU
		{02F3ECD0-B8DD-4E9A-AC28-FFF3BECBCB99}.Debug|Any CPU.Build.0 = Debug|Any CPU
		{02F3ECD0-B8DD-4E9A-AC28-FFF3BECBCB99}.Release|Any CPU.ActiveCfg = Release|Any CPU
		{02F3ECD0-B8DD-4E9A-AC28-FFF3BECBCB99}.Release|Any CPU.Build.0 = Release|Any CPU
		{CF6FF195-00B9-4F29-B19A-A70A5AA046EE}.Debug|Any CPU.ActiveCfg = Debug|Any CPU
		{CF6FF195-00B9-4F29-B19A-A70A5AA046EE}.Debug|Any CPU.Build.0 = Debug|Any CPU
		{CF6FF195-00B9-4F29-B19A-A70A5AA046EE}.Release|Any CPU.ActiveCfg = Release|Any CPU
		{CF6FF195-00B9-4F29-B19A-A70A5AA046EE}.Release|Any CPU.Build.0 = Release|Any CPU
		{087D235D-AF98-442C-B50A-A1EE69B9491B}.Debug|Any CPU.ActiveCfg = Debug|Any CPU
		{087D235D-AF98-442C-B50A-A1EE69B9491B}.Debug|Any CPU.Build.0 = Debug|Any CPU
		{087D235D-AF98-442C-B50A-A1EE69B9491B}.Release|Any CPU.ActiveCfg = Release|Any CPU
		{087D235D-AF98-442C-B50A-A1EE69B9491B}.Release|Any CPU.Build.0 = Release|Any CPU
	EndGlobalSection
	GlobalSection(SolutionProperties) = preSolution
		HideSolutionNode = FALSE
	EndGlobalSection
EndGlobal
